# THIS IS AN AUTOGENERATED FILE. DO NOT EDIT THIS FILE DIRECTLY.
# yarn lockfile v1


"@tauri-apps/api@^1.0.0-rc.1":
  version "1.0.0-rc.1"
  resolved "https://registry.yarnpkg.com/@tauri-apps/api/-/api-1.0.0-rc.1.tgz#ce26a0fe30d8980a4682d50015eec28ed4a23c1e"
  integrity sha512-VBUOmfT8ea02JB/Qr+FHeaLnug5BRA7ro2pX47q0GZCbZsU9b+iPnOXl0ShJwT0melR7B6iamyhDwkHStMVfQA==
  dependencies:
    type-fest "2.11.2"

"@tauri-apps/cli-darwin-arm64@1.0.0-rc.4":
  version "1.0.0-rc.4"
  resolved "https://registry.yarnpkg.com/@tauri-apps/cli-darwin-arm64/-/cli-darwin-arm64-1.0.0-rc.4.tgz#4c1637b3ab8d3b7df2c687747332541ad66dad39"
  integrity sha512-TWAQbfABk1qsIAWiEmphKk1D+Qa4fBQE9vk5we5abRsqDCQJKu4c7sVwMYPzsa3fnTQk5mgEiSplevSvbbR3DA==

"@tauri-apps/cli-darwin-x64@1.0.0-rc.4":
  version "1.0.0-rc.4"
  resolved "https://registry.yarnpkg.com/@tauri-apps/cli-darwin-x64/-/cli-darwin-x64-1.0.0-rc.4.tgz#7926eb1e5401a746dee120b6c15e1a918aa2d501"
  integrity sha512-7LAMgtZcUxfsCPJynmS9a3mzsT8AFMu5LGIUgPLppiGsaqb5CZUw5WpJQLW16VBPIQ9qR4zxlsCQb7P2WsbXzA==

"@tauri-apps/cli-linux-arm-gnueabihf@1.0.0-rc.4":
  version "1.0.0-rc.4"
  resolved "https://registry.yarnpkg.com/@tauri-apps/cli-linux-arm-gnueabihf/-/cli-linux-arm-gnueabihf-1.0.0-rc.4.tgz#b8a742402f992449c0a4e8d56d071c6eaaa307e9"
  integrity sha512-Ut3aOMI1dMoPNsvNfJgweqqM5G4G2HBWSdSy5C0hD1GC3Y1xSv1BWORNT/eYNeJF5sCTO+qkslsOVw30xoJ6Fg==

"@tauri-apps/cli-linux-arm64-gnu@1.0.0-rc.4":
  version "1.0.0-rc.4"
  resolved "https://registry.yarnpkg.com/@tauri-apps/cli-linux-arm64-gnu/-/cli-linux-arm64-gnu-1.0.0-rc.4.tgz#86171dc18b6c54b7cb62a2675558ccf0d19f4f13"
  integrity sha512-8JEsLGKfu2ffYSMWzMcRHZpzQrMKPmY1HiXi1W8xDOKbwTSaZ4qlP67JAE6UtdvrDJDg/rGGTEs33ZZ0VuCJ9Q==

"@tauri-apps/cli-linux-arm64-musl@1.0.0-rc.4":
  version "1.0.0-rc.4"
  resolved "https://registry.yarnpkg.com/@tauri-apps/cli-linux-arm64-musl/-/cli-linux-arm64-musl-1.0.0-rc.4.tgz#3c954a5fe2e0655711498148ce99340a294292e9"
  integrity sha512-UGWY19vCsNpDPQfsfCpeeVVF4mwkbEVUCUdz/PoAtcW07nxa0xI/fNgX6U/LKXepon5z6iUsS5P4AtcLjPw5rw==

"@tauri-apps/cli-linux-x64-gnu@1.0.0-rc.4":
  version "1.0.0-rc.4"
  resolved "https://registry.yarnpkg.com/@tauri-apps/cli-linux-x64-gnu/-/cli-linux-x64-gnu-1.0.0-rc.4.tgz#7f8b677cceb4ada296585ad6860d17061b4c4009"
  integrity sha512-lYs6xMw4Y8FpmRThzsWiXQ7SbR2lyBilC+m9VDQAp1vd1eriF80XtFbfhxKy9Wpm5qzYtcWYoIKWiRDa8LX8DA==

"@tauri-apps/cli-linux-x64-musl@1.0.0-rc.4":
  version "1.0.0-rc.4"
  resolved "https://registry.yarnpkg.com/@tauri-apps/cli-linux-x64-musl/-/cli-linux-x64-musl-1.0.0-rc.4.tgz#777029bf8970798871fdb8ea2b4a1646ecae7c75"
  integrity sha512-DL4KT4dj2k+y1C3NTY5Fr85/WeYYlpcZZsLzF451wevFunNfGw5kic3tSaaJPtkjgK21t1Bw/hd3XtP6QtFuiA==

"@tauri-apps/cli-win32-x64-msvc@1.0.0-rc.4":
  version "1.0.0-rc.4"
  resolved "https://registry.yarnpkg.com/@tauri-apps/cli-win32-x64-msvc/-/cli-win32-x64-msvc-1.0.0-rc.4.tgz#9dd49c422a53b00db23b96f13a0218ce8778b00f"
  integrity sha512-GFhupERiJX48k5hiepNfOm2FCcRTmNQ8m+XfW4slJ61v71wth06kFnFXrbLxTBd8wy77AD7yEGTahjGvR+9CAQ==

"@tauri-apps/cli@^1.0.0-rc.4":
  version "1.0.0-rc.4"
  resolved "https://registry.yarnpkg.com/@tauri-apps/cli/-/cli-1.0.0-rc.4.tgz#63ac6f8e45739c70cc2f60ac60a632f288570040"
  integrity sha512-VL7/28yzLiMevw4JGsDcEQYCsasNgALUcPKDma6rBv7sPypf4V3fksDCc90xs6usNQeoSfKaiExQWy24shoPDg==
  optionalDependencies:
    "@tauri-apps/cli-darwin-arm64" "1.0.0-rc.4"
    "@tauri-apps/cli-darwin-x64" "1.0.0-rc.4"
    "@tauri-apps/cli-linux-arm-gnueabihf" "1.0.0-rc.4"
    "@tauri-apps/cli-linux-arm64-gnu" "1.0.0-rc.4"
    "@tauri-apps/cli-linux-arm64-musl" "1.0.0-rc.4"
    "@tauri-apps/cli-linux-x64-gnu" "1.0.0-rc.4"
    "@tauri-apps/cli-linux-x64-musl" "1.0.0-rc.4"
    "@tauri-apps/cli-win32-x64-msvc" "1.0.0-rc.4"

type-fest@2.11.2:
  version "2.11.2"
  resolved "https://registry.yarnpkg.com/type-fest/-/type-fest-2.11.2.tgz#5534a919858bc517492cd3a53a673835a76d2e71"
  integrity sha512-reW2Y2Mpn0QNA/5fvtm5doROLwDPu2zOm5RtY7xQQS05Q7xgC8MOZ3yPNaP9m/s/sNjjFQtHo7VCNqYW2iI+Ig==
